
Microsoft Visual Studio Solution File, Format Version 12.00
# Visual Studio Version 17
VisualStudioVersion = 17.7.34031.279
MinimumVisualStudioVersion = 10.0.40219.1
Project("{FAE04EC0-301F-11D3-BF4B-00C04F79EFBC}") = "ClassLibraryBase", "ClassLibraryBase\ClassLibraryBase.csproj", "{BBE00168-385F-4115-AA41-BBFF8D50F901}"
EndProject
Project("{9A19103F-16F7-4668-BE54-9A1E7A4F7556}") = "consoleApp", "..\consoleApp\consoleApp.csproj", "{6BA39D64-7401-4B44-9BED-2ACFDC55CDB2}"
EndProject
Global
	GlobalSection(SolutionConfigurationPlatforms) = preSolution
		Debug|Any CPU = Debug|Any CPU
		Release|Any CPU = Release|Any CPU
	EndGlobalSection
	GlobalSection(ProjectConfigurationPlatforms) = postSolution
		{BBE00168-385F-4115-AA41-BBFF8D50F901}.Debug|Any CPU.ActiveCfg = Debug|Any CPU
		{BBE00168-385F-4115-AA41-BBFF8D50F901}.Debug|Any CPU.Build.0 = Debug|Any CPU
		{BBE00168-385F-4115-AA41-BBFF8D50F901}.Release|Any CPU.ActiveCfg = Release|Any CPU
		{BBE00168-385F-4115-AA41-BBFF8D50F901}.Release|Any CPU.Build.0 = Release|Any CPU
		{6BA39D64-7401-4B44-9BED-2ACFDC55CDB2}.Debug|Any CPU.ActiveCfg = Debug|Any CPU
		{6BA39D64-7401-4B44-9BED-2ACFDC55CDB2}.Debug|Any CPU.Build.0 = Debug|Any CPU
		{6BA39D64-7401-4B44-9BED-2ACFDC55CDB2}.Release|Any CPU.ActiveCfg = Release|Any CPU
		{6BA39D64-7401-4B44-9BED-2ACFDC55CDB2}.Release|Any CPU.Build.0 = Release|Any CPU
	EndGlobalSection
	GlobalSection(SolutionProperties) = preSolution
		HideSolutionNode = FALSE
	EndGlobalSection
	GlobalSection(ExtensibilityGlobals) = postSolution
		SolutionGuid = {8A8C8994-5A15-4C14-A8FA-FA8169CF1AB2}
	EndGlobalSection
EndGlobal
